
Microsoft Visual Studio Solution File, Format Version 12.00
# Visual Studio 15
VisualStudioVersion = 15.0.27428.2015
MinimumVisualStudioVersion = 10.0.40219.1
Project("{FAE04EC0-301F-11D3-BF4B-00C04F79EFBC}") = "ImprovedSmithing", "ImprovedSmithing\ImprovedSmithing.csproj", "{DE874995-D2A8-493E-8868-5D3EA24D5866}"
EndProject
Project("{FAE04EC0-301F-11D3-BF4B-00C04F79EFBC}") = "ExperienceMultiplier", "ExperienceMultiplier\ExperienceMultiplier.csproj", "{2A32F138-E148-4439-A1CB-90E43CBAB94E}"
EndProject
Project("{FAE04EC0-301F-11D3-BF4B-00C04F79EFBC}") = "TroopXPMultiplier", "TroopXPMultiplier\TroopXPMultiplier.csproj", "{E0AD3A44-44DB-4EAF-A7FD-AA11E19D3F20}"
EndProject
Project("{FAE04EC0-301F-11D3-BF4B-00C04F79EFBC}") = "WarAttrition", "WarAttrition\WarAttrition.csproj", "{354F4C27-1D5A-469F-BAA4-2128646E1F56}"
EndProject
Project("{FAE04EC0-301F-11D3-BF4B-00C04F79EFBC}") = "ConfigurablePersuasion", "ConfigurablePersuasion\ConfigurablePersuasion.csproj", "{5356B175-8D6A-46FE-8590-20679A706635}"
EndProject
Project("{FAE04EC0-301F-11D3-BF4B-00C04F79EFBC}") = "Scavenger", "Scavenger\Scavenger.csproj", "{40684F26-D8C5-4174-A9F2-1FD1782658C1}"
EndProject
Global
	GlobalSection(SolutionConfigurationPlatforms) = preSolution
		Debug|Any CPU = Debug|Any CPU
		Release|Any CPU = Release|Any CPU
	EndGlobalSection
	GlobalSection(ProjectConfigurationPlatforms) = postSolution
		{DE874995-D2A8-493E-8868-5D3EA24D5866}.Debug|Any CPU.ActiveCfg = Debug|Any CPU
		{DE874995-D2A8-493E-8868-5D3EA24D5866}.Debug|Any CPU.Build.0 = Debug|Any CPU
		{DE874995-D2A8-493E-8868-5D3EA24D5866}.Release|Any CPU.ActiveCfg = Release|Any CPU
		{DE874995-D2A8-493E-8868-5D3EA24D5866}.Release|Any CPU.Build.0 = Release|Any CPU
		{2A32F138-E148-4439-A1CB-90E43CBAB94E}.Debug|Any CPU.ActiveCfg = Debug|Any CPU
		{2A32F138-E148-4439-A1CB-90E43CBAB94E}.Debug|Any CPU.Build.0 = Debug|Any CPU
		{2A32F138-E148-4439-A1CB-90E43CBAB94E}.Release|Any CPU.ActiveCfg = Release|Any CPU
		{2A32F138-E148-4439-A1CB-90E43CBAB94E}.Release|Any CPU.Build.0 = Release|Any CPU
		{E0AD3A44-44DB-4EAF-A7FD-AA11E19D3F20}.Debug|Any CPU.ActiveCfg = Debug|Any CPU
		{E0AD3A44-44DB-4EAF-A7FD-AA11E19D3F20}.Debug|Any CPU.Build.0 = Debug|Any CPU
		{E0AD3A44-44DB-4EAF-A7FD-AA11E19D3F20}.Release|Any CPU.ActiveCfg = Release|Any CPU
		{E0AD3A44-44DB-4EAF-A7FD-AA11E19D3F20}.Release|Any CPU.Build.0 = Release|Any CPU
		{354F4C27-1D5A-469F-BAA4-2128646E1F56}.Debug|Any CPU.ActiveCfg = Debug|Any CPU
		{354F4C27-1D5A-469F-BAA4-2128646E1F56}.Debug|Any CPU.Build.0 = Debug|Any CPU
		{354F4C27-1D5A-469F-BAA4-2128646E1F56}.Release|Any CPU.ActiveCfg = Release|Any CPU
		{354F4C27-1D5A-469F-BAA4-2128646E1F56}.Release|Any CPU.Build.0 = Release|Any CPU
		{5356B175-8D6A-46FE-8590-20679A706635}.Debug|Any CPU.ActiveCfg = Debug|Any CPU
		{5356B175-8D6A-46FE-8590-20679A706635}.Debug|Any CPU.Build.0 = Debug|Any CPU
		{5356B175-8D6A-46FE-8590-20679A706635}.Release|Any CPU.ActiveCfg = Release|Any CPU
		{5356B175-8D6A-46FE-8590-20679A706635}.Release|Any CPU.Build.0 = Release|Any CPU
		{40684F26-D8C5-4174-A9F2-1FD1782658C1}.Debug|Any CPU.ActiveCfg = Debug|Any CPU
		{40684F26-D8C5-4174-A9F2-1FD1782658C1}.Debug|Any CPU.Build.0 = Debug|Any CPU
		{40684F26-D8C5-4174-A9F2-1FD1782658C1}.Release|Any CPU.ActiveCfg = Release|Any CPU
		{40684F26-D8C5-4174-A9F2-1FD1782658C1}.Release|Any CPU.Build.0 = Release|Any CPU
	EndGlobalSection
	GlobalSection(SolutionProperties) = preSolution
		HideSolutionNode = FALSE
	EndGlobalSection
	GlobalSection(ExtensibilityGlobals) = postSolution
		SolutionGuid = {D5A761D0-D689-4776-9A0D-31FF4855E480}
	EndGlobalSection
EndGlobal
